
Microsoft Visual Studio Solution File, Format Version 12.00
# Visual Studio Version 16
VisualStudioVersion = 16.0.30523.141
MinimumVisualStudioVersion = 10.0.40219.1
Project("{FAE04EC0-301F-11D3-BF4B-00C04F79EFBC}") = "RazorPagesMovie", "RazorPagesMovie\RazorPagesMovie.csproj", "{F63BA7A5-10C2-4C71-A12D-54B5D2EB9156}"
EndProject
Global
	GlobalSection(SolutionConfigurationPlatforms) = preSolution
		Debug|Any CPU = Debug|Any CPU
		Release|Any CPU = Release|Any CPU
	EndGlobalSection
	GlobalSection(ProjectConfigurationPlatforms) = postSolution
		{F63BA7A5-10C2-4C71-A12D-54B5D2EB9156}.Debug|Any CPU.ActiveCfg = Debug|Any CPU
		{F63BA7A5-10C2-4C71-A12D-54B5D2EB9156}.Debug|Any CPU.Build.0 = Debug|Any CPU
		{F63BA7A5-10C2-4C71-A12D-54B5D2EB9156}.Release|Any CPU.ActiveCfg = Release|Any CPU
		{F63BA7A5-10C2-4C71-A12D-54B5D2EB9156}.Release|Any CPU.Build.0 = Release|Any CPU
	EndGlobalSection
	GlobalSection(SolutionProperties) = preSolution
		HideSolutionNode = FALSE
	EndGlobalSection
	GlobalSection(ExtensibilityGlobals) = postSolution
		SolutionGuid = {05E1A0B6-D374-4EC1-AFB5-4DE1178D93A2}
	EndGlobalSection
EndGlobal
