
Microsoft Visual Studio Solution File, Format Version 12.00
# Visual Studio Version 16
VisualStudioVersion = 16.0.30517.126
MinimumVisualStudioVersion = 10.0.40219.1
Project("{FAE04EC0-301F-11D3-BF4B-00C04F79EFBC}") = "MegaDesk-Onwuchekwa", "MegaDesk-Onwuchekwa.csproj", "{62F0E7EB-52E6-421D-8662-EED487D0D2E9}"
EndProject
Global
	GlobalSection(SolutionConfigurationPlatforms) = preSolution
		Debug|Any CPU = Debug|Any CPU
		Release|Any CPU = Release|Any CPU
	EndGlobalSection
	GlobalSection(ProjectConfigurationPlatforms) = postSolution
		{62F0E7EB-52E6-421D-8662-EED487D0D2E9}.Debug|Any CPU.ActiveCfg = Debug|Any CPU
		{62F0E7EB-52E6-421D-8662-EED487D0D2E9}.Debug|Any CPU.Build.0 = Debug|Any CPU
		{62F0E7EB-52E6-421D-8662-EED487D0D2E9}.Release|Any CPU.ActiveCfg = Release|Any CPU
		{62F0E7EB-52E6-421D-8662-EED487D0D2E9}.Release|Any CPU.Build.0 = Release|Any CPU
	EndGlobalSection
	GlobalSection(SolutionProperties) = preSolution
		HideSolutionNode = FALSE
	EndGlobalSection
	GlobalSection(ExtensibilityGlobals) = postSolution
		SolutionGuid = {BF849CA9-521C-4264-8191-035E665915C1}
	EndGlobalSection
EndGlobal
