
Microsoft Visual Studio Solution File, Format Version 12.00
# Visual Studio Version 16
VisualStudioVersion = 16.0.30503.244
MinimumVisualStudioVersion = 10.0.40219.1
Project("{FAE04EC0-301F-11D3-BF4B-00C04F79EFBC}") = "MathQuiz", "MathQuiz\MathQuiz.csproj", "{ADA4BEBF-7972-4C42-AFD5-913FB198E9AB}"
EndProject
Global
	GlobalSection(SolutionConfigurationPlatforms) = preSolution
		Debug|Any CPU = Debug|Any CPU
		Release|Any CPU = Release|Any CPU
	EndGlobalSection
	GlobalSection(ProjectConfigurationPlatforms) = postSolution
		{ADA4BEBF-7972-4C42-AFD5-913FB198E9AB}.Debug|Any CPU.ActiveCfg = Debug|Any CPU
		{ADA4BEBF-7972-4C42-AFD5-913FB198E9AB}.Debug|Any CPU.Build.0 = Debug|Any CPU
		{ADA4BEBF-7972-4C42-AFD5-913FB198E9AB}.Release|Any CPU.ActiveCfg = Release|Any CPU
		{ADA4BEBF-7972-4C42-AFD5-913FB198E9AB}.Release|Any CPU.Build.0 = Release|Any CPU
	EndGlobalSection
	GlobalSection(SolutionProperties) = preSolution
		HideSolutionNode = FALSE
	EndGlobalSection
	GlobalSection(ExtensibilityGlobals) = postSolution
		SolutionGuid = {9A2F62D7-E341-4594-AE0B-EBBEBD6D872B}
	EndGlobalSection
EndGlobal
